
Microsoft Visual Studio Solution File, Format Version 12.00
# Visual Studio 15
VisualStudioVersion = 15.0.28307.572
MinimumVisualStudioVersion = 10.0.40219.1
Project("{FAE04EC0-301F-11D3-BF4B-00C04F79EFBC}") = "App364.Android", "App364\App364.Android\App364.Android.csproj", "{F8CB69B8-3FA3-4E08-861A-7DCF01A1892E}"
EndProject
Project("{FAE04EC0-301F-11D3-BF4B-00C04F79EFBC}") = "App364.iOS", "App364\App364.iOS\App364.iOS.csproj", "{5D89F82A-0E50-4608-B966-955A11D179B1}"
EndProject
Project("{FAE04EC0-301F-11D3-BF4B-00C04F79EFBC}") = "App364", "App364\App364\App364.csproj", "{3A8F4942-61F4-49D8-99C2-82AC8785B0AD}"
EndProject
Global
	GlobalSection(SolutionConfigurationPlatforms) = preSolution
		Ad-Hoc|Any CPU = Ad-Hoc|Any CPU
		Ad-Hoc|iPhone = Ad-Hoc|iPhone
		Ad-Hoc|iPhoneSimulator = Ad-Hoc|iPhoneSimulator
		AppStore|Any CPU = AppStore|Any CPU
		AppStore|iPhone = AppStore|iPhone
		AppStore|iPhoneSimulator = AppStore|iPhoneSimulator
		Debug|Any CPU = Debug|Any CPU
		Debug|iPhone = Debug|iPhone
		Debug|iPhoneSimulator = Debug|iPhoneSimulator
		Release|Any CPU = Release|Any CPU
		Release|iPhone = Release|iPhone
		Release|iPhoneSimulator = Release|iPhoneSimulator
	EndGlobalSection
	GlobalSection(ProjectConfigurationPlatforms) = postSolution
		{F8CB69B8-3FA3-4E08-861A-7DCF01A1892E}.Ad-Hoc|Any CPU.ActiveCfg = Release|Any CPU
		{F8CB69B8-3FA3-4E08-861A-7DCF01A1892E}.Ad-Hoc|Any CPU.Build.0 = Release|Any CPU
		{F8CB69B8-3FA3-4E08-861A-7DCF01A1892E}.Ad-Hoc|Any CPU.Deploy.0 = Release|Any CPU
		{F8CB69B8-3FA3-4E08-861A-7DCF01A1892E}.Ad-Hoc|iPhone.ActiveCfg = Release|Any CPU
		{F8CB69B8-3FA3-4E08-861A-7DCF01A1892E}.Ad-Hoc|iPhone.Build.0 = Release|Any CPU
		{F8CB69B8-3FA3-4E08-861A-7DCF01A1892E}.Ad-Hoc|iPhone.Deploy.0 = Release|Any CPU
		{F8CB69B8-3FA3-4E08-861A-7DCF01A1892E}.Ad-Hoc|iPhoneSimulator.ActiveCfg = Release|Any CPU
		{F8CB69B8-3FA3-4E08-861A-7DCF01A1892E}.Ad-Hoc|iPhoneSimulator.Build.0 = Release|Any CPU
		{F8CB69B8-3FA3-4E08-861A-7DCF01A1892E}.Ad-Hoc|iPhoneSimulator.Deploy.0 = Release|Any CPU
		{F8CB69B8-3FA3-4E08-861A-7DCF01A1892E}.AppStore|Any CPU.ActiveCfg = Release|Any CPU
		{F8CB69B8-3FA3-4E08-861A-7DCF01A1892E}.AppStore|Any CPU.Build.0 = Release|Any CPU
		{F8CB69B8-3FA3-4E08-861A-7DCF01A1892E}.AppStore|Any CPU.Deploy.0 = Release|Any CPU
		{F8CB69B8-3FA3-4E08-861A-7DCF01A1892E}.AppStore|iPhone.ActiveCfg = Release|Any CPU
		{F8CB69B8-3FA3-4E08-861A-7DCF01A1892E}.AppStore|iPhone.Build.0 = Release|Any CPU
		{F8CB69B8-3FA3-4E08-861A-7DCF01A1892E}.AppStore|iPhone.Deploy.0 = Release|Any CPU
		{F8CB69B8-3FA3-4E08-861A-7DCF01A1892E}.AppStore|iPhoneSimulator.ActiveCfg = Release|Any CPU
		{F8CB69B8-3FA3-4E08-861A-7DCF01A1892E}.AppStore|iPhoneSimulator.Build.0 = Release|Any CPU
		{F8CB69B8-3FA3-4E08-861A-7DCF01A1892E}.AppStore|iPhoneSimulator.Deploy.0 = Release|Any CPU
		{F8CB69B8-3FA3-4E08-861A-7DCF01A1892E}.Debug|Any CPU.ActiveCfg = Debug|Any CPU
		{F8CB69B8-3FA3-4E08-861A-7DCF01A1892E}.Debug|Any CPU.Build.0 = Debug|Any CPU
		{F8CB69B8-3FA3-4E08-861A-7DCF01A1892E}.Debug|Any CPU.Deploy.0 = Debug|Any CPU
		{F8CB69B8-3FA3-4E08-861A-7DCF01A1892E}.Debug|iPhone.ActiveCfg = Debug|Any CPU
		{F8CB69B8-3FA3-4E08-861A-7DCF01A1892E}.Debug|iPhone.Build.0 = Debug|Any CPU
		{F8CB69B8-3FA3-4E08-861A-7DCF01A1892E}.Debug|iPhone.Deploy.0 = Debug|Any CPU
		{F8CB69B8-3FA3-4E08-861A-7DCF01A1892E}.Debug|iPhoneSimulator.ActiveCfg = Debug|Any CPU
		{F8CB69B8-3FA3-4E08-861A-7DCF01A1892E}.Debug|iPhoneSimulator.Build.0 = Debug|Any CPU
		{F8CB69B8-3FA3-4E08-861A-7DCF01A1892E}.Debug|iPhoneSimulator.Deploy.0 = Debug|Any CPU
		{F8CB69B8-3FA3-4E08-861A-7DCF01A1892E}.Release|Any CPU.ActiveCfg = Release|Any CPU
		{F8CB69B8-3FA3-4E08-861A-7DCF01A1892E}.Release|Any CPU.Build.0 = Release|Any CPU
		{F8CB69B8-3FA3-4E08-861A-7DCF01A1892E}.Release|Any CPU.Deploy.0 = Release|Any CPU
		{F8CB69B8-3FA3-4E08-861A-7DCF01A1892E}.Release|iPhone.ActiveCfg = Release|Any CPU
		{F8CB69B8-3FA3-4E08-861A-7DCF01A1892E}.Release|iPhone.Build.0 = Release|Any CPU
		{F8CB69B8-3FA3-4E08-861A-7DCF01A1892E}.Release|iPhone.Deploy.0 = Release|Any CPU
		{F8CB69B8-3FA3-4E08-861A-7DCF01A1892E}.Release|iPhoneSimulator.ActiveCfg = Release|Any CPU
		{F8CB69B8-3FA3-4E08-861A-7DCF01A1892E}.Release|iPhoneSimulator.Build.0 = Release|Any CPU
		{F8CB69B8-3FA3-4E08-861A-7DCF01A1892E}.Release|iPhoneSimulator.Deploy.0 = Release|Any CPU
		{5D89F82A-0E50-4608-B966-955A11D179B1}.Ad-Hoc|Any CPU.ActiveCfg = Ad-Hoc|iPhone
		{5D89F82A-0E50-4608-B966-955A11D179B1}.Ad-Hoc|Any CPU.Build.0 = Ad-Hoc|iPhone
		{5D89F82A-0E50-4608-B966-955A11D179B1}.Ad-Hoc|Any CPU.Deploy.0 = Ad-Hoc|iPhone
		{5D89F82A-0E50-4608-B966-955A11D179B1}.Ad-Hoc|iPhone.ActiveCfg = Ad-Hoc|iPhone
		{5D89F82A-0E50-4608-B966-955A11D179B1}.Ad-Hoc|iPhone.Build.0 = Ad-Hoc|iPhone
		{5D89F82A-0E50-4608-B966-955A11D179B1}.Ad-Hoc|iPhone.Deploy.0 = Ad-Hoc|iPhone
		{5D89F82A-0E50-4608-B966-955A11D179B1}.Ad-Hoc|iPhoneSimulator.ActiveCfg = Ad-Hoc|iPhoneSimulator
		{5D89F82A-0E50-4608-B966-955A11D179B1}.Ad-Hoc|iPhoneSimulator.Build.0 = Ad-Hoc|iPhoneSimulator
		{5D89F82A-0E50-4608-B966-955A11D179B1}.Ad-Hoc|iPhoneSimulator.Deploy.0 = Ad-Hoc|iPhoneSimulator
		{5D89F82A-0E50-4608-B966-955A11D179B1}.AppStore|Any CPU.ActiveCfg = AppStore|iPhone
		{5D89F82A-0E50-4608-B966-955A11D179B1}.AppStore|Any CPU.Build.0 = AppStore|iPhone
		{5D89F82A-0E50-4608-B966-955A11D179B1}.AppStore|Any CPU.Deploy.0 = AppStore|iPhone
		{5D89F82A-0E50-4608-B966-955A11D179B1}.AppStore|iPhone.ActiveCfg = AppStore|iPhone
		{5D89F82A-0E50-4608-B966-955A11D179B1}.AppStore|iPhone.Build.0 = AppStore|iPhone
		{5D89F82A-0E50-4608-B966-955A11D179B1}.AppStore|iPhone.Deploy.0 = AppStore|iPhone
		{5D89F82A-0E50-4608-B966-955A11D179B1}.AppStore|iPhoneSimulator.ActiveCfg = AppStore|iPhoneSimulator
		{5D89F82A-0E50-4608-B966-955A11D179B1}.AppStore|iPhoneSimulator.Build.0 = AppStore|iPhoneSimulator
		{5D89F82A-0E50-4608-B966-955A11D179B1}.AppStore|iPhoneSimulator.Deploy.0 = AppStore|iPhoneSimulator
		{5D89F82A-0E50-4608-B966-955A11D179B1}.Debug|Any CPU.ActiveCfg = Debug|iPhoneSimulator
		{5D89F82A-0E50-4608-B966-955A11D179B1}.Debug|Any CPU.Build.0 = Debug|iPhoneSimulator
		{5D89F82A-0E50-4608-B966-955A11D179B1}.Debug|Any CPU.Deploy.0 = Debug|iPhoneSimulator
		{5D89F82A-0E50-4608-B966-955A11D179B1}.Debug|iPhone.ActiveCfg = Debug|iPhone
		{5D89F82A-0E50-4608-B966-955A11D179B1}.Debug|iPhone.Build.0 = Debug|iPhone
		{5D89F82A-0E50-4608-B966-955A11D179B1}.Debug|iPhone.Deploy.0 = Debug|iPhone
		{5D89F82A-0E50-4608-B966-955A11D179B1}.Debug|iPhoneSimulator.ActiveCfg = Debug|iPhoneSimulator
		{5D89F82A-0E50-4608-B966-955A11D179B1}.Debug|iPhoneSimulator.Build.0 = Debug|iPhoneSimulator
		{5D89F82A-0E50-4608-B966-955A11D179B1}.Debug|iPhoneSimulator.Deploy.0 = Debug|iPhoneSimulator
		{5D89F82A-0E50-4608-B966-955A11D179B1}.Release|Any CPU.ActiveCfg = Release|iPhone
		{5D89F82A-0E50-4608-B966-955A11D179B1}.Release|Any CPU.Build.0 = Release|iPhone
		{5D89F82A-0E50-4608-B966-955A11D179B1}.Release|Any CPU.Deploy.0 = Release|iPhone
		{5D89F82A-0E50-4608-B966-955A11D179B1}.Release|iPhone.ActiveCfg = Release|iPhone
		{5D89F82A-0E50-4608-B966-955A11D179B1}.Release|iPhone.Build.0 = Release|iPhone
		{5D89F82A-0E50-4608-B966-955A11D179B1}.Release|iPhone.Deploy.0 = Release|iPhone
		{5D89F82A-0E50-4608-B966-955A11D179B1}.Release|iPhoneSimulator.ActiveCfg = Release|iPhoneSimulator
		{5D89F82A-0E50-4608-B966-955A11D179B1}.Release|iPhoneSimulator.Build.0 = Release|iPhoneSimulator
		{5D89F82A-0E50-4608-B966-955A11D179B1}.Release|iPhoneSimulator.Deploy.0 = Release|iPhoneSimulator
		{3A8F4942-61F4-49D8-99C2-82AC8785B0AD}.Ad-Hoc|Any CPU.ActiveCfg = Debug|Any CPU
		{3A8F4942-61F4-49D8-99C2-82AC8785B0AD}.Ad-Hoc|Any CPU.Build.0 = Debug|Any CPU
		{3A8F4942-61F4-49D8-99C2-82AC8785B0AD}.Ad-Hoc|Any CPU.Deploy.0 = Debug|Any CPU
		{3A8F4942-61F4-49D8-99C2-82AC8785B0AD}.Ad-Hoc|iPhone.ActiveCfg = Debug|Any CPU
		{3A8F4942-61F4-49D8-99C2-82AC8785B0AD}.Ad-Hoc|iPhone.Build.0 = Debug|Any CPU
		{3A8F4942-61F4-49D8-99C2-82AC8785B0AD}.Ad-Hoc|iPhone.Deploy.0 = Debug|Any CPU
		{3A8F4942-61F4-49D8-99C2-82AC8785B0AD}.Ad-Hoc|iPhoneSimulator.ActiveCfg = Debug|Any CPU
		{3A8F4942-61F4-49D8-99C2-82AC8785B0AD}.Ad-Hoc|iPhoneSimulator.Build.0 = Debug|Any CPU
		{3A8F4942-61F4-49D8-99C2-82AC8785B0AD}.Ad-Hoc|iPhoneSimulator.Deploy.0 = Debug|Any CPU
		{3A8F4942-61F4-49D8-99C2-82AC8785B0AD}.AppStore|Any CPU.ActiveCfg = Debug|Any CPU
		{3A8F4942-61F4-49D8-99C2-82AC8785B0AD}.AppStore|Any CPU.Build.0 = Debug|Any CPU
		{3A8F4942-61F4-49D8-99C2-82AC8785B0AD}.AppStore|Any CPU.Deploy.0 = Debug|Any CPU
		{3A8F4942-61F4-49D8-99C2-82AC8785B0AD}.AppStore|iPhone.ActiveCfg = Debug|Any CPU
		{3A8F4942-61F4-49D8-99C2-82AC8785B0AD}.AppStore|iPhone.Build.0 = Debug|Any CPU
		{3A8F4942-61F4-49D8-99C2-82AC8785B0AD}.AppStore|iPhone.Deploy.0 = Debug|Any CPU
		{3A8F4942-61F4-49D8-99C2-82AC8785B0AD}.AppStore|iPhoneSimulator.ActiveCfg = Debug|Any CPU
		{3A8F4942-61F4-49D8-99C2-82AC8785B0AD}.AppStore|iPhoneSimulator.Build.0 = Debug|Any CPU
		{3A8F4942-61F4-49D8-99C2-82AC8785B0AD}.AppStore|iPhoneSimulator.Deploy.0 = Debug|Any CPU
		{3A8F4942-61F4-49D8-99C2-82AC8785B0AD}.Debug|Any CPU.ActiveCfg = Debug|Any CPU
		{3A8F4942-61F4-49D8-99C2-82AC8785B0AD}.Debug|Any CPU.Build.0 = Debug|Any CPU
		{3A8F4942-61F4-49D8-99C2-82AC8785B0AD}.Debug|Any CPU.Deploy.0 = Debug|Any CPU
		{3A8F4942-61F4-49D8-99C2-82AC8785B0AD}.Debug|iPhone.ActiveCfg = Debug|Any CPU
		{3A8F4942-61F4-49D8-99C2-82AC8785B0AD}.Debug|iPhone.Build.0 = Debug|Any CPU
		{3A8F4942-61F4-49D8-99C2-82AC8785B0AD}.Debug|iPhone.Deploy.0 = Debug|Any CPU
		{3A8F4942-61F4-49D8-99C2-82AC8785B0AD}.Debug|iPhoneSimulator.ActiveCfg = Debug|Any CPU
		{3A8F4942-61F4-49D8-99C2-82AC8785B0AD}.Debug|iPhoneSimulator.Build.0 = Debug|Any CPU
		{3A8F4942-61F4-49D8-99C2-82AC8785B0AD}.Debug|iPhoneSimulator.Deploy.0 = Debug|Any CPU
		{3A8F4942-61F4-49D8-99C2-82AC8785B0AD}.Release|Any CPU.ActiveCfg = Release|Any CPU
		{3A8F4942-61F4-49D8-99C2-82AC8785B0AD}.Release|Any CPU.Build.0 = Release|Any CPU
		{3A8F4942-61F4-49D8-99C2-82AC8785B0AD}.Release|Any CPU.Deploy.0 = Release|Any CPU
		{3A8F4942-61F4-49D8-99C2-82AC8785B0AD}.Release|iPhone.ActiveCfg = Release|Any CPU
		{3A8F4942-61F4-49D8-99C2-82AC8785B0AD}.Release|iPhone.Build.0 = Release|Any CPU
		{3A8F4942-61F4-49D8-99C2-82AC8785B0AD}.Release|iPhone.Deploy.0 = Release|Any CPU
		{3A8F4942-61F4-49D8-99C2-82AC8785B0AD}.Release|iPhoneSimulator.ActiveCfg = Release|Any CPU
		{3A8F4942-61F4-49D8-99C2-82AC8785B0AD}.Release|iPhoneSimulator.Build.0 = Release|Any CPU
		{3A8F4942-61F4-49D8-99C2-82AC8785B0AD}.Release|iPhoneSimulator.Deploy.0 = Release|Any CPU
	EndGlobalSection
	GlobalSection(SolutionProperties) = preSolution
		HideSolutionNode = FALSE
	EndGlobalSection
	GlobalSection(ExtensibilityGlobals) = postSolution
		SolutionGuid = {D043A2C3-8D72-4058-B6AC-08D8F7930085}
	EndGlobalSection
EndGlobal
